// !$*UTF8*$!
{
	archiveVersion = 1;
	classes = {
	};
	objectVersion = 50;
	objects = {

/* Begin PBXBuildFile section */
		3B27813827FAB4FF00E6C5F8 /* MDRotatingPieChart.swift in Sources */ = {isa = PBXBuildFile; fileRef = 3B27813727FAB4FF00E6C5F8 /* MDRotatingPieChart.swift */; };
		CC89FD8627E386DE00E8D33C /* AppDelegate.swift in Sources */ = {isa = PBXBuildFile; fileRef = CC89FD8527E386DE00E8D33C /* AppDelegate.swift */; };
		CC89FD8827E386DE00E8D33C /* SceneDelegate.swift in Sources */ = {isa = PBXBuildFile; fileRef = CC89FD8727E386DE00E8D33C /* SceneDelegate.swift */; };
		CC89FD8A27E386DE00E8D33C /* ViewController.swift in Sources */ = {isa = PBXBuildFile; fileRef = CC89FD8927E386DE00E8D33C /* ViewController.swift */; };
		CC89FD8D27E386DE00E8D33C /* Main.storyboard in Resources */ = {isa = PBXBuildFile; fileRef = CC89FD8B27E386DE00E8D33C /* Main.storyboard */; };
		CC89FD8F27E386EC00E8D33C /* Assets.xcassets in Resources */ = {isa = PBXBuildFile; fileRef = CC89FD8E27E386EC00E8D33C /* Assets.xcassets */; };
		CC89FD9227E386EC00E8D33C /* LaunchScreen.storyboard in Resources */ = {isa = PBXBuildFile; fileRef = CC89FD9027E386EC00E8D33C /* LaunchScreen.storyboard */; };
		CC89FD9D27E386EC00E8D33C /* Expense_TrackerTests.swift in Sources */ = {isa = PBXBuildFile; fileRef = CC89FD9C27E386EC00E8D33C /* Expense_TrackerTests.swift */; };
		CC89FDA827E386EC00E8D33C /* Expense_TrackerUITests.swift in Sources */ = {isa = PBXBuildFile; fileRef = CC89FDA727E386EC00E8D33C /* Expense_TrackerUITests.swift */; };
		CC8D2C8427ECC417001D4944 /* LoginViewController.swift in Sources */ = {isa = PBXBuildFile; fileRef = CC8D2C8327ECC417001D4944 /* LoginViewController.swift */; };
		CC8D2C8927ECC512001D4944 /* SignupViewController.swift in Sources */ = {isa = PBXBuildFile; fileRef = CC8D2C8827ECC512001D4944 /* SignupViewController.swift */; };
		CC8D2C8E27ECC542001D4944 /* ProfileViewController.swift in Sources */ = {isa = PBXBuildFile; fileRef = CC8D2C8D27ECC542001D4944 /* ProfileViewController.swift */; };
		CC8D2C9327ECC567001D4944 /* ExpenseViewController.swift in Sources */ = {isa = PBXBuildFile; fileRef = CC8D2C9227ECC567001D4944 /* ExpenseViewController.swift */; };
		CC8D2C9827ECC59A001D4944 /* GraphViewController.swift in Sources */ = {isa = PBXBuildFile; fileRef = CC8D2C9727ECC59A001D4944 /* GraphViewController.swift */; };
		CC8D2C9D27ECC745001D4944 /* IncomeViewController.swift in Sources */ = {isa = PBXBuildFile; fileRef = CC8D2C9C27ECC745001D4944 /* IncomeViewController.swift */; };
		CCA5DB4327EF968000FD8069 /* expenseData.json in Resources */ = {isa = PBXBuildFile; fileRef = CCA5DB4027EF968000FD8069 /* expenseData.json */; };
		CCA5DB4427EF968000FD8069 /* userData.json in Resources */ = {isa = PBXBuildFile; fileRef = CCA5DB4127EF968000FD8069 /* userData.json */; };
		CCA5DB4527EF968000FD8069 /* categoryData.json in Resources */ = {isa = PBXBuildFile; fileRef = CCA5DB4227EF968000FD8069 /* categoryData.json */; };
/* End PBXBuildFile section */

/* Begin PBXContainerItemProxy section */
		CC89FD9927E386EC00E8D33C /* PBXContainerItemProxy */ = {
			isa = PBXContainerItemProxy;
			containerPortal = CC89FD7A27E386DE00E8D33C /* Project object */;
			proxyType = 1;
			remoteGlobalIDString = CC89FD8127E386DE00E8D33C;
			remoteInfo = "Expense Tracker";
		};
		CC89FDA427E386EC00E8D33C /* PBXContainerItemProxy */ = {
			isa = PBXContainerItemProxy;
			containerPortal = CC89FD7A27E386DE00E8D33C /* Project object */;
			proxyType = 1;
			remoteGlobalIDString = CC89FD8127E386DE00E8D33C;
			remoteInfo = "Expense Tracker";
		};
/* End PBXContainerItemProxy section */

/* Begin PBXFileReference section */
		3B27813727FAB4FF00E6C5F8 /* MDRotatingPieChart.swift */ = {isa = PBXFileReference; fileEncoding = 4; lastKnownFileType = sourcecode.swift; path = MDRotatingPieChart.swift; sourceTree = "<group>"; };
		CC89FD8227E386DE00E8D33C /* Expense Tracker.app */ = {isa = PBXFileReference; explicitFileType = wrapper.application; includeInIndex = 0; path = "Expense Tracker.app"; sourceTree = BUILT_PRODUCTS_DIR; };
		CC89FD8527E386DE00E8D33C /* AppDelegate.swift */ = {isa = PBXFileReference; lastKnownFileType = sourcecode.swift; path = AppDelegate.swift; sourceTree = "<group>"; };
		CC89FD8727E386DE00E8D33C /* SceneDelegate.swift */ = {isa = PBXFileReference; lastKnownFileType = sourcecode.swift; path = SceneDelegate.swift; sourceTree = "<group>"; };
		CC89FD8927E386DE00E8D33C /* ViewController.swift */ = {isa = PBXFileReference; lastKnownFileType = sourcecode.swift; path = ViewController.swift; sourceTree = "<group>"; };
		CC89FD8C27E386DE00E8D33C /* Base */ = {isa = PBXFileReference; lastKnownFileType = file.storyboard; name = Base; path = Base.lproj/Main.storyboard; sourceTree = "<group>"; };
		CC89FD8E27E386EC00E8D33C /* Assets.xcassets */ = {isa = PBXFileReference; lastKnownFileType = folder.assetcatalog; path = Assets.xcassets; sourceTree = "<group>"; };
		CC89FD9127E386EC00E8D33C /* Base */ = {isa = PBXFileReference; lastKnownFileType = file.storyboard; name = Base; path = Base.lproj/LaunchScreen.storyboard; sourceTree = "<group>"; };
		CC89FD9327E386EC00E8D33C /* Info.plist */ = {isa = PBXFileReference; lastKnownFileType = text.plist.xml; path = Info.plist; sourceTree = "<group>"; };
		CC89FD9827E386EC00E8D33C /* Expense TrackerTests.xctest */ = {isa = PBXFileReference; explicitFileType = wrapper.cfbundle; includeInIndex = 0; path = "Expense TrackerTests.xctest"; sourceTree = BUILT_PRODUCTS_DIR; };
		CC89FD9C27E386EC00E8D33C /* Expense_TrackerTests.swift */ = {isa = PBXFileReference; lastKnownFileType = sourcecode.swift; path = Expense_TrackerTests.swift; sourceTree = "<group>"; };
		CC89FD9E27E386EC00E8D33C /* Info.plist */ = {isa = PBXFileReference; lastKnownFileType = text.plist.xml; path = Info.plist; sourceTree = "<group>"; };
		CC89FDA327E386EC00E8D33C /* Expense TrackerUITests.xctest */ = {isa = PBXFileReference; explicitFileType = wrapper.cfbundle; includeInIndex = 0; path = "Expense TrackerUITests.xctest"; sourceTree = BUILT_PRODUCTS_DIR; };
		CC89FDA727E386EC00E8D33C /* Expense_TrackerUITests.swift */ = {isa = PBXFileReference; lastKnownFileType = sourcecode.swift; path = Expense_TrackerUITests.swift; sourceTree = "<group>"; };
		CC89FDA927E386EC00E8D33C /* Info.plist */ = {isa = PBXFileReference; lastKnownFileType = text.plist.xml; path = Info.plist; sourceTree = "<group>"; };
		CC8D2C8327ECC417001D4944 /* LoginViewController.swift */ = {isa = PBXFileReference; lastKnownFileType = sourcecode.swift; path = LoginViewController.swift; sourceTree = "<group>"; };
		CC8D2C8827ECC512001D4944 /* SignupViewController.swift */ = {isa = PBXFileReference; lastKnownFileType = sourcecode.swift; path = SignupViewController.swift; sourceTree = "<group>"; };
		CC8D2C8D27ECC542001D4944 /* ProfileViewController.swift */ = {isa = PBXFileReference; lastKnownFileType = sourcecode.swift; path = ProfileViewController.swift; sourceTree = "<group>"; };
		CC8D2C9227ECC567001D4944 /* ExpenseViewController.swift */ = {isa = PBXFileReference; lastKnownFileType = sourcecode.swift; path = ExpenseViewController.swift; sourceTree = "<group>"; };
		CC8D2C9727ECC59A001D4944 /* GraphViewController.swift */ = {isa = PBXFileReference; lastKnownFileType = sourcecode.swift; path = GraphViewController.swift; sourceTree = "<group>"; };
		CC8D2C9C27ECC745001D4944 /* IncomeViewController.swift */ = {isa = PBXFileReference; lastKnownFileType = sourcecode.swift; path = IncomeViewController.swift; sourceTree = "<group>"; };
		CCA5DB4027EF968000FD8069 /* expenseData.json */ = {isa = PBXFileReference; fileEncoding = 4; lastKnownFileType = text.json; path = expenseData.json; sourceTree = "<group>"; };
		CCA5DB4127EF968000FD8069 /* userData.json */ = {isa = PBXFileReference; fileEncoding = 4; lastKnownFileType = text.json; path = userData.json; sourceTree = "<group>"; };
		CCA5DB4227EF968000FD8069 /* categoryData.json */ = {isa = PBXFileReference; fileEncoding = 4; lastKnownFileType = text.json; path = categoryData.json; sourceTree = "<group>"; };
/* End PBXFileReference section */

/* Begin PBXFrameworksBuildPhase section */
		CC89FD7F27E386DE00E8D33C /* Frameworks */ = {
			isa = PBXFrameworksBuildPhase;
			buildActionMask = 2147483647;
			files = (
			);
			runOnlyForDeploymentPostprocessing = 0;
		};
		CC89FD9527E386EC00E8D33C /* Frameworks */ = {
			isa = PBXFrameworksBuildPhase;
			buildActionMask = 2147483647;
			files = (
			);
			runOnlyForDeploymentPostprocessing = 0;
		};
		CC89FDA027E386EC00E8D33C /* Frameworks */ = {
			isa = PBXFrameworksBuildPhase;
			buildActionMask = 2147483647;
			files = (
			);
			runOnlyForDeploymentPostprocessing = 0;
		};
/* End PBXFrameworksBuildPhase section */

/* Begin PBXGroup section */
		CC89FD7927E386DE00E8D33C = {
			isa = PBXGroup;
			children = (
				CC89FD8427E386DE00E8D33C /* Expense Tracker */,
				CC89FD9B27E386EC00E8D33C /* Expense TrackerTests */,
				CC89FDA627E386EC00E8D33C /* Expense TrackerUITests */,
				CC89FD8327E386DE00E8D33C /* Products */,
			);
			sourceTree = "<group>";
		};
		CC89FD8327E386DE00E8D33C /* Products */ = {
			isa = PBXGroup;
			children = (
				CC89FD8227E386DE00E8D33C /* Expense Tracker.app */,
				CC89FD9827E386EC00E8D33C /* Expense TrackerTests.xctest */,
				CC89FDA327E386EC00E8D33C /* Expense TrackerUITests.xctest */,
			);
			name = Products;
			sourceTree = "<group>";
		};
		CC89FD8427E386DE00E8D33C /* Expense Tracker */ = {
			isa = PBXGroup;
			children = (
				CCA5DB3F27EF968000FD8069 /* Resources */,
				CC89FD8527E386DE00E8D33C /* AppDelegate.swift */,
				CC89FD8727E386DE00E8D33C /* SceneDelegate.swift */,
				CC89FD8927E386DE00E8D33C /* ViewController.swift */,
				CC89FD8B27E386DE00E8D33C /* Main.storyboard */,
				CC89FD8E27E386EC00E8D33C /* Assets.xcassets */,
				CC89FD9027E386EC00E8D33C /* LaunchScreen.storyboard */,
				CC89FD9327E386EC00E8D33C /* Info.plist */,
				CC8D2C8327ECC417001D4944 /* LoginViewController.swift */,
				CC8D2C8827ECC512001D4944 /* SignupViewController.swift */,
				CC8D2C8D27ECC542001D4944 /* ProfileViewController.swift */,
				CC8D2C9227ECC567001D4944 /* ExpenseViewController.swift */,
				CC8D2C9727ECC59A001D4944 /* GraphViewController.swift */,
				CC8D2C9C27ECC745001D4944 /* IncomeViewController.swift */,
				3B27813727FAB4FF00E6C5F8 /* MDRotatingPieChart.swift */,
			);
			path = "Expense Tracker";
			sourceTree = "<group>";
		};
		CC89FD9B27E386EC00E8D33C /* Expense TrackerTests */ = {
			isa = PBXGroup;
			children = (
				CC89FD9C27E386EC00E8D33C /* Expense_TrackerTests.swift */,
				CC89FD9E27E386EC00E8D33C /* Info.plist */,
			);
			path = "Expense TrackerTests";
			sourceTree = "<group>";
		};
		CC89FDA627E386EC00E8D33C /* Expense TrackerUITests */ = {
			isa = PBXGroup;
			children = (
				CC89FDA727E386EC00E8D33C /* Expense_TrackerUITests.swift */,
				CC89FDA927E386EC00E8D33C /* Info.plist */,
			);
			path = "Expense TrackerUITests";
			sourceTree = "<group>";
		};
		CCA5DB3F27EF968000FD8069 /* Resources */ = {
			isa = PBXGroup;
			children = (
				CCA5DB4027EF968000FD8069 /* expenseData.json */,
				CCA5DB4127EF968000FD8069 /* userData.json */,
				CCA5DB4227EF968000FD8069 /* categoryData.json */,
			);
			path = Resources;
			sourceTree = "<group>";
		};
/* End PBXGroup section */

/* Begin PBXNativeTarget section */
		CC89FD8127E386DE00E8D33C /* Expense Tracker */ = {
			isa = PBXNativeTarget;
			buildConfigurationList = CC89FDAC27E386EC00E8D33C /* Build configuration list for PBXNativeTarget "Expense Tracker" */;
			buildPhases = (
				CC89FD7E27E386DE00E8D33C /* Sources */,
				CC89FD7F27E386DE00E8D33C /* Frameworks */,
				CC89FD8027E386DE00E8D33C /* Resources */,
			);
			buildRules = (
			);
			dependencies = (
			);
			name = "Expense Tracker";
			productName = "Expense Tracker";
			productReference = CC89FD8227E386DE00E8D33C /* Expense Tracker.app */;
			productType = "com.apple.product-type.application";
		};
		CC89FD9727E386EC00E8D33C /* Expense TrackerTests */ = {
			isa = PBXNativeTarget;
			buildConfigurationList = CC89FDAF27E386EC00E8D33C /* Build configuration list for PBXNativeTarget "Expense TrackerTests" */;
			buildPhases = (
				CC89FD9427E386EC00E8D33C /* Sources */,
				CC89FD9527E386EC00E8D33C /* Frameworks */,
				CC89FD9627E386EC00E8D33C /* Resources */,
			);
			buildRules = (
			);
			dependencies = (
				CC89FD9A27E386EC00E8D33C /* PBXTargetDependency */,
			);
			name = "Expense TrackerTests";
			productName = "Expense TrackerTests";
			productReference = CC89FD9827E386EC00E8D33C /* Expense TrackerTests.xctest */;
			productType = "com.apple.product-type.bundle.unit-test";
		};
		CC89FDA227E386EC00E8D33C /* Expense TrackerUITests */ = {
			isa = PBXNativeTarget;
			buildConfigurationList = CC89FDB227E386EC00E8D33C /* Build configuration list for PBXNativeTarget "Expense TrackerUITests" */;
			buildPhases = (
				CC89FD9F27E386EC00E8D33C /* Sources */,
				CC89FDA027E386EC00E8D33C /* Frameworks */,
				CC89FDA127E386EC00E8D33C /* Resources */,
			);
			buildRules = (
			);
			dependencies = (
				CC89FDA527E386EC00E8D33C /* PBXTargetDependency */,
			);
			name = "Expense TrackerUITests";
			productName = "Expense TrackerUITests";
			productReference = CC89FDA327E386EC00E8D33C /* Expense TrackerUITests.xctest */;
			productType = "com.apple.product-type.bundle.ui-testing";
		};
/* End PBXNativeTarget section */

/* Begin PBXProject section */
		CC89FD7A27E386DE00E8D33C /* Project object */ = {
			isa = PBXProject;
			attributes = {
				LastSwiftUpdateCheck = 1240;
				LastUpgradeCheck = 1240;
				TargetAttributes = {
					CC89FD8127E386DE00E8D33C = {
						CreatedOnToolsVersion = 12.4;
					};
					CC89FD9727E386EC00E8D33C = {
						CreatedOnToolsVersion = 12.4;
						TestTargetID = CC89FD8127E386DE00E8D33C;
					};
					CC89FDA227E386EC00E8D33C = {
						CreatedOnToolsVersion = 12.4;
						TestTargetID = CC89FD8127E386DE00E8D33C;
					};
				};
			};
			buildConfigurationList = CC89FD7D27E386DE00E8D33C /* Build configuration list for PBXProject "Expense Tracker" */;
			compatibilityVersion = "Xcode 9.3";
			developmentRegion = en;
			hasScannedForEncodings = 0;
			knownRegions = (
				en,
				Base,
			);
			mainGroup = CC89FD7927E386DE00E8D33C;
			productRefGroup = CC89FD8327E386DE00E8D33C /* Products */;
			projectDirPath = "";
			projectRoot = "";
			targets = (
				CC89FD8127E386DE00E8D33C /* Expense Tracker */,
				CC89FD9727E386EC00E8D33C /* Expense TrackerTests */,
				CC89FDA227E386EC00E8D33C /* Expense TrackerUITests */,
			);
		};
/* End PBXProject section */

/* Begin PBXResourcesBuildPhase section */
		CC89FD8027E386DE00E8D33C /* Resources */ = {
			isa = PBXResourcesBuildPhase;
			buildActionMask = 2147483647;
			files = (
				CCA5DB4427EF968000FD8069 /* userData.json in Resources */,
				CCA5DB4527EF968000FD8069 /* categoryData.json in Resources */,
				CC89FD9227E386EC00E8D33C /* LaunchScreen.storyboard in Resources */,
				CC89FD8F27E386EC00E8D33C /* Assets.xcassets in Resources */,
				CCA5DB4327EF968000FD8069 /* expenseData.json in Resources */,
				CC89FD8D27E386DE00E8D33C /* Main.storyboard in Resources */,
			);
			runOnlyForDeploymentPostprocessing = 0;
		};
		CC89FD9627E386EC00E8D33C /* Resources */ = {
			isa = PBXResourcesBuildPhase;
			buildActionMask = 2147483647;
			files = (
			);
			runOnlyForDeploymentPostprocessing = 0;
		};
		CC89FDA127E386EC00E8D33C /* Resources */ = {
			isa = PBXResourcesBuildPhase;
			buildActionMask = 2147483647;
			files = (
			);
			runOnlyForDeploymentPostprocessing = 0;
		};
/* End PBXResourcesBuildPhase section */

/* Begin PBXSourcesBuildPhase section */
		CC89FD7E27E386DE00E8D33C /* Sources */ = {
			isa = PBXSourcesBuildPhase;
			buildActionMask = 2147483647;
			files = (
				CC8D2C9327ECC567001D4944 /* ExpenseViewController.swift in Sources */,
				CC8D2C8E27ECC542001D4944 /* ProfileViewController.swift in Sources */,
				CC8D2C8427ECC417001D4944 /* LoginViewController.swift in Sources */,
				CC8D2C9D27ECC745001D4944 /* IncomeViewController.swift in Sources */,
				3B27813827FAB4FF00E6C5F8 /* MDRotatingPieChart.swift in Sources */,
				CC89FD8A27E386DE00E8D33C /* ViewController.swift in Sources */,
				CC8D2C8927ECC512001D4944 /* SignupViewController.swift in Sources */,
				CC8D2C9827ECC59A001D4944 /* GraphViewController.swift in Sources */,
				CC89FD8627E386DE00E8D33C /* AppDelegate.swift in Sources */,
				CC89FD8827E386DE00E8D33C /* SceneDelegate.swift in Sources */,
			);
			runOnlyForDeploymentPostprocessing = 0;
		};
		CC89FD9427E386EC00E8D33C /* Sources */ = {
			isa = PBXSourcesBuildPhase;
			buildActionMask = 2147483647;
			files = (
				CC89FD9D27E386EC00E8D33C /* Expense_TrackerTests.swift in Sources */,
			);
			runOnlyForDeploymentPostprocessing = 0;
		};
		CC89FD9F27E386EC00E8D33C /* Sources */ = {
			isa = PBXSourcesBuildPhase;
			buildActionMask = 2147483647;
			files = (
				CC89FDA827E386EC00E8D33C /* Expense_TrackerUITests.swift in Sources */,
			);
			runOnlyForDeploymentPostprocessing = 0;
		};
/* End PBXSourcesBuildPhase section */

/* Begin PBXTargetDependency section */
		CC89FD9A27E386EC00E8D33C /* PBXTargetDependency */ = {
			isa = PBXTargetDependency;
			target = CC89FD8127E386DE00E8D33C /* Expense Tracker */;
			targetProxy = CC89FD9927E386EC00E8D33C /* PBXContainerItemProxy */;
		};
		CC89FDA527E386EC00E8D33C /* PBXTargetDependency */ = {
			isa = PBXTargetDependency;
			target = CC89FD8127E386DE00E8D33C /* Expense Tracker */;
			targetProxy = CC89FDA427E386EC00E8D33C /* PBXContainerItemProxy */;
		};
/* End PBXTargetDependency section */

/* Begin PBXVariantGroup section */
		CC89FD8B27E386DE00E8D33C /* Main.storyboard */ = {
			isa = PBXVariantGroup;
			children = (
				CC89FD8C27E386DE00E8D33C /* Base */,
			);
			name = Main.storyboard;
			sourceTree = "<group>";
		};
		CC89FD9027E386EC00E8D33C /* LaunchScreen.storyboard */ = {
			isa = PBXVariantGroup;
			children = (
				CC89FD9127E386EC00E8D33C /* Base */,
			);
			name = LaunchScreen.storyboard;
			sourceTree = "<group>";
		};
/* End PBXVariantGroup section */

/* Begin XCBuildConfiguration section */
		CC89FDAA27E386EC00E8D33C /* Debug */ = {
			isa = XCBuildConfiguration;
			buildSettings = {
				ALWAYS_SEARCH_USER_PATHS = NO;
				CLANG_ANALYZER_NONNULL = YES;
				CLANG_ANALYZER_NUMBER_OBJECT_CONVERSION = YES_AGGRESSIVE;
				CLANG_CXX_LANGUAGE_STANDARD = "gnu++14";
				CLANG_CXX_LIBRARY = "libc++";
				CLANG_ENABLE_MODULES = YES;
				CLANG_ENABLE_OBJC_ARC = YES;
				CLANG_ENABLE_OBJC_WEAK = YES;
				CLANG_WARN_BLOCK_CAPTURE_AUTORELEASING = YES;
				CLANG_WARN_BOOL_CONVERSION = YES;
				CLANG_WARN_COMMA = YES;
				CLANG_WARN_CONSTANT_CONVERSION = YES;
				CLANG_WARN_DEPRECATED_OBJC_IMPLEMENTATIONS = YES;
				CLANG_WARN_DIRECT_OBJC_ISA_USAGE = YES_ERROR;
				CLANG_WARN_DOCUMENTATION_COMMENTS = YES;
				CLANG_WARN_EMPTY_BODY = YES;
				CLANG_WARN_ENUM_CONVERSION = YES;
				CLANG_WARN_INFINITE_RECURSION = YES;
				CLANG_WARN_INT_CONVERSION = YES;
				CLANG_WARN_NON_LITERAL_NULL_CONVERSION = YES;
				CLANG_WARN_OBJC_IMPLICIT_RETAIN_SELF = YES;
				CLANG_WARN_OBJC_LITERAL_CONVERSION = YES;
				CLANG_WARN_OBJC_ROOT_CLASS = YES_ERROR;
				CLANG_WARN_QUOTED_INCLUDE_IN_FRAMEWORK_HEADER = YES;
				CLANG_WARN_RANGE_LOOP_ANALYSIS = YES;
				CLANG_WARN_STRICT_PROTOTYPES = YES;
				CLANG_WARN_SUSPICIOUS_MOVE = YES;
				CLANG_WARN_UNGUARDED_AVAILABILITY = YES_AGGRESSIVE;
				CLANG_WARN_UNREACHABLE_CODE = YES;
				CLANG_WARN__DUPLICATE_METHOD_MATCH = YES;
				COPY_PHASE_STRIP = NO;
				DEBUG_INFORMATION_FORMAT = dwarf;
				ENABLE_STRICT_OBJC_MSGSEND = YES;
				ENABLE_TESTABILITY = YES;
				GCC_C_LANGUAGE_STANDARD = gnu11;
				GCC_DYNAMIC_NO_PIC = NO;
				GCC_NO_COMMON_BLOCKS = YES;
				GCC_OPTIMIZATION_LEVEL = 0;
				GCC_PREPROCESSOR_DEFINITIONS = (
					"DEBUG=1",
					"$(inherited)",
				);
				GCC_WARN_64_TO_32_BIT_CONVERSION = YES;
				GCC_WARN_ABOUT_RETURN_TYPE = YES_ERROR;
				GCC_WARN_UNDECLARED_SELECTOR = YES;
				GCC_WARN_UNINITIALIZED_AUTOS = YES_AGGRESSIVE;
				GCC_WARN_UNUSED_FUNCTION = YES;
				GCC_WARN_UNUSED_VARIABLE = YES;
				IPHONEOS_DEPLOYMENT_TARGET = 14.4;
				MTL_ENABLE_DEBUG_INFO = INCLUDE_SOURCE;
				MTL_FAST_MATH = YES;
				ONLY_ACTIVE_ARCH = YES;
				SDKROOT = iphoneos;
				SWIFT_ACTIVE_COMPILATION_CONDITIONS = DEBUG;
				SWIFT_OPTIMIZATION_LEVEL = "-Onone";
			};
			name = Debug;
		};
		CC89FDAB27E386EC00E8D33C /* Release */ = {
			isa = XCBuildConfiguration;
			buildSettings = {
				ALWAYS_SEARCH_USER_PATHS = NO;
				CLANG_ANALYZER_NONNULL = YES;
				CLANG_ANALYZER_NUMBER_OBJECT_CONVERSION = YES_AGGRESSIVE;
				CLANG_CXX_LANGUAGE_STANDARD = "gnu++14";
				CLANG_CXX_LIBRARY = "libc++";
				CLANG_ENABLE_MODULES = YES;
				CLANG_ENABLE_OBJC_ARC = YES;
				CLANG_ENABLE_OBJC_WEAK = YES;
				CLANG_WARN_BLOCK_CAPTURE_AUTORELEASING = YES;
				CLANG_WARN_BOOL_CONVERSION = YES;
				CLANG_WARN_COMMA = YES;
				CLANG_WARN_CONSTANT_CONVERSION = YES;
				CLANG_WARN_DEPRECATED_OBJC_IMPLEMENTATIONS = YES;
				CLANG_WARN_DIRECT_OBJC_ISA_USAGE = YES_ERROR;
				CLANG_WARN_DOCUMENTATION_COMMENTS = YES;
				CLANG_WARN_EMPTY_BODY = YES;
				CLANG_WARN_ENUM_CONVERSION = YES;
				CLANG_WARN_INFINITE_RECURSION = YES;
				CLANG_WARN_INT_CONVERSION = YES;
				CLANG_WARN_NON_LITERAL_NULL_CONVERSION = YES;
				CLANG_WARN_OBJC_IMPLICIT_RETAIN_SELF = YES;
				CLANG_WARN_OBJC_LITERAL_CONVERSION = YES;
				CLANG_WARN_OBJC_ROOT_CLASS = YES_ERROR;
				CLANG_WARN_QUOTED_INCLUDE_IN_FRAMEWORK_HEADER = YES;
				CLANG_WARN_RANGE_LOOP_ANALYSIS = YES;
				CLANG_WARN_STRICT_PROTOTYPES = YES;
				CLANG_WARN_SUSPICIOUS_MOVE = YES;
				CLANG_WARN_UNGUARDED_AVAILABILITY = YES_AGGRESSIVE;
				CLANG_WARN_UNREACHABLE_CODE = YES;
				CLANG_WARN__DUPLICATE_METHOD_MATCH = YES;
				COPY_PHASE_STRIP = NO;
				DEBUG_INFORMATION_FORMAT = "dwarf-with-dsym";
				ENABLE_NS_ASSERTIONS = NO;
				ENABLE_STRICT_OBJC_MSGSEND = YES;
				GCC_C_LANGUAGE_STANDARD = gnu11;
				GCC_NO_COMMON_BLOCKS = YES;
				GCC_WARN_64_TO_32_BIT_CONVERSION = YES;
				GCC_WARN_ABOUT_RETURN_TYPE = YES_ERROR;
				GCC_WARN_UNDECLARED_SELECTOR = YES;
				GCC_WARN_UNINITIALIZED_AUTOS = YES_AGGRESSIVE;
				GCC_WARN_UNUSED_FUNCTION = YES;
				GCC_WARN_UNUSED_VARIABLE = YES;
				IPHONEOS_DEPLOYMENT_TARGET = 14.4;
				MTL_ENABLE_DEBUG_INFO = NO;
				MTL_FAST_MATH = YES;
				SDKROOT = iphoneos;
				SWIFT_COMPILATION_MODE = wholemodule;
				SWIFT_OPTIMIZATION_LEVEL = "-O";
				VALIDATE_PRODUCT = YES;
			};
			name = Release;
		};
		CC89FDAD27E386EC00E8D33C /* Debug */ = {
			isa = XCBuildConfiguration;
			buildSettings = {
				ASSETCATALOG_COMPILER_APPICON_NAME = AppIcon;
				ASSETCATALOG_COMPILER_GLOBAL_ACCENT_COLOR_NAME = AccentColor;
				CODE_SIGN_STYLE = Automatic;
				DEVELOPMENT_TEAM = AMW982LYBB;
				INFOPLIST_FILE = "Expense Tracker/Info.plist";
				LD_RUNPATH_SEARCH_PATHS = (
					"$(inherited)",
					"@executable_path/Frameworks",
				);
				PRODUCT_BUNDLE_IDENTIFIER = "com.conestoga.Expense-Tracker";
				PRODUCT_NAME = "$(TARGET_NAME)";
				SWIFT_VERSION = 5.0;
				TARGETED_DEVICE_FAMILY = 1;
			};
			name = Debug;
		};
		CC89FDAE27E386EC00E8D33C /* Release */ = {
			isa = XCBuildConfiguration;
			buildSettings = {
				ASSETCATALOG_COMPILER_APPICON_NAME = AppIcon;
				ASSETCATALOG_COMPILER_GLOBAL_ACCENT_COLOR_NAME = AccentColor;
				CODE_SIGN_STYLE = Automatic;
				DEVELOPMENT_TEAM = AMW982LYBB;
				INFOPLIST_FILE = "Expense Tracker/Info.plist";
				LD_RUNPATH_SEARCH_PATHS = (
					"$(inherited)",
					"@executable_path/Frameworks",
				);
				PRODUCT_BUNDLE_IDENTIFIER = "com.conestoga.Expense-Tracker";
				PRODUCT_NAME = "$(TARGET_NAME)";
				SWIFT_VERSION = 5.0;
				TARGETED_DEVICE_FAMILY = 1;
			};
			name = Release;
		};
		CC89FDB027E386EC00E8D33C /* Debug */ = {
			isa = XCBuildConfiguration;
			buildSettings = {
				ALWAYS_EMBED_SWIFT_STANDARD_LIBRARIES = YES;
				BUNDLE_LOADER = "$(TEST_HOST)";
				CODE_SIGN_STYLE = Automatic;
				DEVELOPMENT_TEAM = AMW982LYBB;
				INFOPLIST_FILE = "Expense TrackerTests/Info.plist";
				IPHONEOS_DEPLOYMENT_TARGET = 14.4;
				LD_RUNPATH_SEARCH_PATHS = (
					"$(inherited)",
					"@executable_path/Frameworks",
					"@loader_path/Frameworks",
				);
				PRODUCT_BUNDLE_IDENTIFIER = "com.conestoga.Expense-TrackerTests";
				PRODUCT_NAME = "$(TARGET_NAME)";
				SWIFT_VERSION = 5.0;
				TARGETED_DEVICE_FAMILY = "1,2";
				TEST_HOST = "$(BUILT_PRODUCTS_DIR)/Expense Tracker.app/Expense Tracker";
			};
			name = Debug;
		};
		CC89FDB127E386EC00E8D33C /* Release */ = {
			isa = XCBuildConfiguration;
			buildSettings = {
				ALWAYS_EMBED_SWIFT_STANDARD_LIBRARIES = YES;
				BUNDLE_LOADER = "$(TEST_HOST)";
				CODE_SIGN_STYLE = Automatic;
				DEVELOPMENT_TEAM = AMW982LYBB;
				INFOPLIST_FILE = "Expense TrackerTests/Info.plist";
				IPHONEOS_DEPLOYMENT_TARGET = 14.4;
				LD_RUNPATH_SEARCH_PATHS = (
					"$(inherited)",
					"@executable_path/Frameworks",
					"@loader_path/Frameworks",
				);
				PRODUCT_BUNDLE_IDENTIFIER = "com.conestoga.Expense-TrackerTests";
				PRODUCT_NAME = "$(TARGET_NAME)";
				SWIFT_VERSION = 5.0;
				TARGETED_DEVICE_FAMILY = "1,2";
				TEST_HOST = "$(BUILT_PRODUCTS_DIR)/Expense Tracker.app/Expense Tracker";
			};
			name = Release;
		};
		CC89FDB327E386EC00E8D33C /* Debug */ = {
			isa = XCBuildConfiguration;
			buildSettings = {
				ALWAYS_EMBED_SWIFT_STANDARD_LIBRARIES = YES;
				CODE_SIGN_STYLE = Automatic;
				DEVELOPMENT_TEAM = AMW982LYBB;
				INFOPLIST_FILE = "Expense TrackerUITests/Info.plist";
				LD_RUNPATH_SEARCH_PATHS = (
					"$(inherited)",
					"@executable_path/Frameworks",
					"@loader_path/Frameworks",
				);
				PRODUCT_BUNDLE_IDENTIFIER = "com.conestoga.Expense-TrackerUITests";
				PRODUCT_NAME = "$(TARGET_NAME)";
				SWIFT_VERSION = 5.0;
				TARGETED_DEVICE_FAMILY = "1,2";
				TEST_TARGET_NAME = "Expense Tracker";
			};
			name = Debug;
		};
		CC89FDB427E386EC00E8D33C /* Release */ = {
			isa = XCBuildConfiguration;
			buildSettings = {
				ALWAYS_EMBED_SWIFT_STANDARD_LIBRARIES = YES;
				CODE_SIGN_STYLE = Automatic;
				DEVELOPMENT_TEAM = AMW982LYBB;
				INFOPLIST_FILE = "Expense TrackerUITests/Info.plist";
				LD_RUNPATH_SEARCH_PATHS = (
					"$(inherited)",
					"@executable_path/Frameworks",
					"@loader_path/Frameworks",
				);
				PRODUCT_BUNDLE_IDENTIFIER = "com.conestoga.Expense-TrackerUITests";
				PRODUCT_NAME = "$(TARGET_NAME)";
				SWIFT_VERSION = 5.0;
				TARGETED_DEVICE_FAMILY = "1,2";
				TEST_TARGET_NAME = "Expense Tracker";
			};
			name = Release;
		};
/* End XCBuildConfiguration section */

/* Begin XCConfigurationList section */
		CC89FD7D27E386DE00E8D33C /* Build configuration list for PBXProject "Expense Tracker" */ = {
			isa = XCConfigurationList;
			buildConfigurations = (
				CC89FDAA27E386EC00E8D33C /* Debug */,
				CC89FDAB27E386EC00E8D33C /* Release */,
			);
			defaultConfigurationIsVisible = 0;
			defaultConfigurationName = Release;
		};
		CC89FDAC27E386EC00E8D33C /* Build configuration list for PBXNativeTarget "Expense Tracker" */ = {
			isa = XCConfigurationList;
			buildConfigurations = (
				CC89FDAD27E386EC00E8D33C /* Debug */,
				CC89FDAE27E386EC00E8D33C /* Release */,
			);
			defaultConfigurationIsVisible = 0;
			defaultConfigurationName = Release;
		};
		CC89FDAF27E386EC00E8D33C /* Build configuration list for PBXNativeTarget "Expense TrackerTests" */ = {
			isa = XCConfigurationList;
			buildConfigurations = (
				CC89FDB027E386EC00E8D33C /* Debug */,
				CC89FDB127E386EC00E8D33C /* Release */,
			);
			defaultConfigurationIsVisible = 0;
			defaultConfigurationName = Release;
		};
		CC89FDB227E386EC00E8D33C /* Build configuration list for PBXNativeTarget "Expense TrackerUITests" */ = {
			isa = XCConfigurationList;
			buildConfigurations = (
				CC89FDB327E386EC00E8D33C /* Debug */,
				CC89FDB427E386EC00E8D33C /* Release */,
			);
			defaultConfigurationIsVisible = 0;
			defaultConfigurationName = Release;
		};
/* End XCConfigurationList section */
	};
	rootObject = CC89FD7A27E386DE00E8D33C /* Project object */;
}
